{
  "nodes": {
    "home-manager": {
      "inputs": {
        "nixpkgs": [
          "nixpkgs"
        ],
        "utils": "utils"
      },
      "locked": {
        "lastModified": 1659232160,
        "narHash": "sha256-RYKbKAYooiART2RUEpUnP7tAYM6+2i1m9+QI14wljZU=",
        "owner": "nix-community",
        "repo": "home-manager",
        "rev": "7146638e9ef74aba6736cbbf12dbe60e1ed24c1e",
        "type": "github"
      },
      "original": {
        "owner": "nix-community",
        "repo": "home-manager",
        "type": "github"
      }
    },
    "nixpkgs": {
      "locked": {
        "lastModified": 1659254610,
        "narHash": "sha256-ee5W5MLWZ3kdx5hwOUs6trOJit+GeTDfG+Lg3rANKoc=",
        "owner": "NixOS",
        "repo": "nixpkgs",
        "rev": "67f49b2a3854e8b5e3f9df4422225daa0985f451",
        "type": "github"
      },
      "original": {
        "id": "nixpkgs",
        "type": "indirect"
      }
    },
    "nur": {
      "locked": {
        "lastModified": 1659355532,
        "narHash": "sha256-kOoLjdUMvj7woc0J7VlKdOrE8m+m582TV2H7bXHjuYs=",
        "owner": "nix-community",
        "repo": "NUR",
        "rev": "3dee3b5daf6de3995778e89036a8203b38f681a0",
        "type": "github"
      },
      "original": {
        "owner": "nix-community",
        "repo": "NUR",
        "type": "github"
      }
    },
    "root": {
      "inputs": {
        "home-manager": "home-manager",
        "nixpkgs": "nixpkgs",
        "nur": "nur"
      }
    },
    "utils": {
      "locked": {
        "lastModified": 1653893745,
        "narHash": "sha256-0jntwV3Z8//YwuOjzhV2sgJJPt+HY6KhU7VZUL0fKZQ=",
        "owner": "numtide",
        "repo": "flake-utils",
        "rev": "1ed9fb1935d260de5fe1c2f7ee0ebaae17ed2fa1",
        "type": "github"
      },
      "original": {
        "owner": "numtide",
        "repo": "flake-utils",
        "type": "github"
      }
    }
  },
  "root": "root",
  "version": 7
}
