{
  "nodes": {
    "home-manager": {
      "inputs": {
        "nixpkgs": [
          "nixpkgs"
        ],
        "utils": "utils"
      },
      "locked": {
        "lastModified": 1658238241,
        "narHash": "sha256-naoSta79MYYRtVnIZhzq+YWgTOBhWE1Sr1AIhG7ZA9g=",
        "owner": "nix-community",
        "repo": "home-manager",
        "rev": "70d5929885ccec8dde8585894dd3ebe606e75f41",
        "type": "github"
      },
      "original": {
        "owner": "nix-community",
        "repo": "home-manager",
        "type": "github"
      }
    },
    "nixpkgs": {
      "locked": {
        "lastModified": 1658549974,
        "narHash": "sha256-+D1gH6ecI14xDuObG07cd9XXhLDdLMRwOBDQmJcVluc=",
        "owner": "NixOS",
        "repo": "nixpkgs",
        "rev": "52dd719bbd13d9f0974e5c3c29c74aa249e5b091",
        "type": "github"
      },
      "original": {
        "id": "nixpkgs",
        "type": "indirect"
      }
    },
    "nur": {
      "locked": {
        "lastModified": 1658579871,
        "narHash": "sha256-X6IFZesA0O/7aNHo0Umz1zAJGqat1kuXZNjYDv4j6+M=",
        "owner": "nix-community",
        "repo": "NUR",
        "rev": "f26f9b9b9847ad66ee902d7ddc6d9220c6119561",
        "type": "github"
      },
      "original": {
        "owner": "nix-community",
        "repo": "NUR",
        "type": "github"
      }
    },
    "root": {
      "inputs": {
        "home-manager": "home-manager",
        "nixpkgs": "nixpkgs",
        "nur": "nur"
      }
    },
    "utils": {
      "locked": {
        "lastModified": 1653893745,
        "narHash": "sha256-0jntwV3Z8//YwuOjzhV2sgJJPt+HY6KhU7VZUL0fKZQ=",
        "owner": "numtide",
        "repo": "flake-utils",
        "rev": "1ed9fb1935d260de5fe1c2f7ee0ebaae17ed2fa1",
        "type": "github"
      },
      "original": {
        "owner": "numtide",
        "repo": "flake-utils",
        "type": "github"
      }
    }
  },
  "root": "root",
  "version": 7
}
